
Microsoft Visual Studio Solution File, Format Version 12.00
# Visual Studio Version 17
VisualStudioVersion = 17.0.31903.59
MinimumVisualStudioVersion = 10.0.40219.1
Project("{FAE04EC0-301F-11D3-BF4B-00C04F79EFBC}") = "SmartHomeManager", "SmartHomeManager.csproj", "{EEC47898-1708-4B2E-833C-1434A2697E7E}"
EndProject
Project("{2150E333-8FDC-42A3-9474-1A3956D46DE8}") = "tests", "tests", "{0AB3BF05-4346-4AA6-1389-037BE0695223}"
EndProject
Project("{FAE04EC0-301F-11D3-BF4B-00C04F79EFBC}") = "SmartHomeManager.Tests", "tests\SmartHomeManager.Tests\SmartHomeManager.Tests.csproj", "{72558604-F63B-4412-9404-9372E9E14AB4}"
EndProject
Project("{FAE04EC0-301F-11D3-BF4B-00C04F79EFBC}") = "SmartHomeManager.Domain", "SmartHomeManager.Domain\SmartHomeManager.Domain.csproj", "{E28C7B13-7E4E-4209-9568-A92B6A5AA6C8}"
EndProject
Project("{FAE04EC0-301F-11D3-BF4B-00C04F79EFBC}") = "SmartHomeManager.Application", "SmartHomeManager.Application\SmartHomeManager.Application.csproj", "{06E631B6-861B-4A6E-A987-225F79E4BBE3}"
EndProject
Project("{FAE04EC0-301F-11D3-BF4B-00C04F79EFBC}") = "SmartHomeManager.Infrastructure", "SmartHomeManager.Infrastructure\SmartHomeManager.Infrastructure.csproj", "{9F10106F-78DC-4987-A301-4890DFCE6353}"
EndProject
Global
	GlobalSection(SolutionConfigurationPlatforms) = preSolution
		Debug|Any CPU = Debug|Any CPU
		Debug|x64 = Debug|x64
		Debug|x86 = Debug|x86
		Release|Any CPU = Release|Any CPU
		Release|x64 = Release|x64
		Release|x86 = Release|x86
	EndGlobalSection
	GlobalSection(ProjectConfigurationPlatforms) = postSolution
		{EEC47898-1708-4B2E-833C-1434A2697E7E}.Debug|Any CPU.ActiveCfg = Debug|Any CPU
		{EEC47898-1708-4B2E-833C-1434A2697E7E}.Debug|Any CPU.Build.0 = Debug|Any CPU
		{EEC47898-1708-4B2E-833C-1434A2697E7E}.Debug|x64.ActiveCfg = Debug|Any CPU
		{EEC47898-1708-4B2E-833C-1434A2697E7E}.Debug|x64.Build.0 = Debug|Any CPU
		{EEC47898-1708-4B2E-833C-1434A2697E7E}.Debug|x86.ActiveCfg = Debug|Any CPU
		{EEC47898-1708-4B2E-833C-1434A2697E7E}.Debug|x86.Build.0 = Debug|Any CPU
		{EEC47898-1708-4B2E-833C-1434A2697E7E}.Release|Any CPU.ActiveCfg = Release|Any CPU
		{EEC47898-1708-4B2E-833C-1434A2697E7E}.Release|Any CPU.Build.0 = Release|Any CPU
		{EEC47898-1708-4B2E-833C-1434A2697E7E}.Release|x64.ActiveCfg = Release|Any CPU
		{EEC47898-1708-4B2E-833C-1434A2697E7E}.Release|x64.Build.0 = Release|Any CPU
		{EEC47898-1708-4B2E-833C-1434A2697E7E}.Release|x86.ActiveCfg = Release|Any CPU
		{EEC47898-1708-4B2E-833C-1434A2697E7E}.Release|x86.Build.0 = Release|Any CPU
		{72558604-F63B-4412-9404-9372E9E14AB4}.Debug|Any CPU.ActiveCfg = Debug|Any CPU
		{72558604-F63B-4412-9404-9372E9E14AB4}.Debug|Any CPU.Build.0 = Debug|Any CPU
		{72558604-F63B-4412-9404-9372E9E14AB4}.Debug|x64.ActiveCfg = Debug|Any CPU
		{72558604-F63B-4412-9404-9372E9E14AB4}.Debug|x64.Build.0 = Debug|Any CPU
		{72558604-F63B-4412-9404-9372E9E14AB4}.Debug|x86.ActiveCfg = Debug|Any CPU
		{72558604-F63B-4412-9404-9372E9E14AB4}.Debug|x86.Build.0 = Debug|Any CPU
		{72558604-F63B-4412-9404-9372E9E14AB4}.Release|Any CPU.ActiveCfg = Release|Any CPU
		{72558604-F63B-4412-9404-9372E9E14AB4}.Release|Any CPU.Build.0 = Release|Any CPU
		{72558604-F63B-4412-9404-9372E9E14AB4}.Release|x64.ActiveCfg = Release|Any CPU
		{72558604-F63B-4412-9404-9372E9E14AB4}.Release|x64.Build.0 = Release|Any CPU
		{72558604-F63B-4412-9404-9372E9E14AB4}.Release|x86.ActiveCfg = Release|Any CPU
		{72558604-F63B-4412-9404-9372E9E14AB4}.Release|x86.Build.0 = Release|Any CPU
		{E28C7B13-7E4E-4209-9568-A92B6A5AA6C8}.Debug|Any CPU.ActiveCfg = Debug|Any CPU
		{E28C7B13-7E4E-4209-9568-A92B6A5AA6C8}.Debug|Any CPU.Build.0 = Debug|Any CPU
		{E28C7B13-7E4E-4209-9568-A92B6A5AA6C8}.Debug|x64.ActiveCfg = Debug|Any CPU
		{E28C7B13-7E4E-4209-9568-A92B6A5AA6C8}.Debug|x64.Build.0 = Debug|Any CPU
		{E28C7B13-7E4E-4209-9568-A92B6A5AA6C8}.Debug|x86.ActiveCfg = Debug|Any CPU
		{E28C7B13-7E4E-4209-9568-A92B6A5AA6C8}.Debug|x86.Build.0 = Debug|Any CPU
		{E28C7B13-7E4E-4209-9568-A92B6A5AA6C8}.Release|Any CPU.ActiveCfg = Release|Any CPU
		{E28C7B13-7E4E-4209-9568-A92B6A5AA6C8}.Release|Any CPU.Build.0 = Release|Any CPU
		{E28C7B13-7E4E-4209-9568-A92B6A5AA6C8}.Release|x64.ActiveCfg = Release|Any CPU
		{E28C7B13-7E4E-4209-9568-A92B6A5AA6C8}.Release|x64.Build.0 = Release|Any CPU
		{E28C7B13-7E4E-4209-9568-A92B6A5AA6C8}.Release|x86.ActiveCfg = Release|Any CPU
		{E28C7B13-7E4E-4209-9568-A92B6A5AA6C8}.Release|x86.Build.0 = Release|Any CPU
		{06E631B6-861B-4A6E-A987-225F79E4BBE3}.Debug|Any CPU.ActiveCfg = Debug|Any CPU
		{06E631B6-861B-4A6E-A987-225F79E4BBE3}.Debug|Any CPU.Build.0 = Debug|Any CPU
		{06E631B6-861B-4A6E-A987-225F79E4BBE3}.Debug|x64.ActiveCfg = Debug|Any CPU
		{06E631B6-861B-4A6E-A987-225F79E4BBE3}.Debug|x64.Build.0 = Debug|Any CPU
		{06E631B6-861B-4A6E-A987-225F79E4BBE3}.Debug|x86.ActiveCfg = Debug|Any CPU
		{06E631B6-861B-4A6E-A987-225F79E4BBE3}.Debug|x86.Build.0 = Debug|Any CPU
		{06E631B6-861B-4A6E-A987-225F79E4BBE3}.Release|Any CPU.ActiveCfg = Release|Any CPU
		{06E631B6-861B-4A6E-A987-225F79E4BBE3}.Release|Any CPU.Build.0 = Release|Any CPU
		{06E631B6-861B-4A6E-A987-225F79E4BBE3}.Release|x64.ActiveCfg = Release|Any CPU
		{06E631B6-861B-4A6E-A987-225F79E4BBE3}.Release|x64.Build.0 = Release|Any CPU
		{06E631B6-861B-4A6E-A987-225F79E4BBE3}.Release|x86.ActiveCfg = Release|Any CPU
		{06E631B6-861B-4A6E-A987-225F79E4BBE3}.Release|x86.Build.0 = Release|Any CPU
		{9F10106F-78DC-4987-A301-4890DFCE6353}.Debug|Any CPU.ActiveCfg = Debug|Any CPU
		{9F10106F-78DC-4987-A301-4890DFCE6353}.Debug|Any CPU.Build.0 = Debug|Any CPU
		{9F10106F-78DC-4987-A301-4890DFCE6353}.Debug|x64.ActiveCfg = Debug|Any CPU
		{9F10106F-78DC-4987-A301-4890DFCE6353}.Debug|x64.Build.0 = Debug|Any CPU
		{9F10106F-78DC-4987-A301-4890DFCE6353}.Debug|x86.ActiveCfg = Debug|Any CPU
		{9F10106F-78DC-4987-A301-4890DFCE6353}.Debug|x86.Build.0 = Debug|Any CPU
		{9F10106F-78DC-4987-A301-4890DFCE6353}.Release|Any CPU.ActiveCfg = Release|Any CPU
		{9F10106F-78DC-4987-A301-4890DFCE6353}.Release|Any CPU.Build.0 = Release|Any CPU
		{9F10106F-78DC-4987-A301-4890DFCE6353}.Release|x64.ActiveCfg = Release|Any CPU
		{9F10106F-78DC-4987-A301-4890DFCE6353}.Release|x64.Build.0 = Release|Any CPU
		{9F10106F-78DC-4987-A301-4890DFCE6353}.Release|x86.ActiveCfg = Release|Any CPU
		{9F10106F-78DC-4987-A301-4890DFCE6353}.Release|x86.Build.0 = Release|Any CPU
	EndGlobalSection
	GlobalSection(SolutionProperties) = preSolution
		HideSolutionNode = FALSE
	EndGlobalSection
	GlobalSection(NestedProjects) = preSolution
		{72558604-F63B-4412-9404-9372E9E14AB4} = {0AB3BF05-4346-4AA6-1389-037BE0695223}
	EndGlobalSection
EndGlobal
